
Microsoft Visual Studio Solution File, Format Version 12.00
# Visual Studio Version 16
VisualStudioVersion = 16.0.31624.102
MinimumVisualStudioVersion = 10.0.40219.1
Project("{FAE04EC0-301F-11D3-BF4B-00C04F79EFBC}") = "OfficeMvcWebApp", "OfficeMvcWebApp\OfficeMvcWebApp.csproj", "{A2925059-337F-4AAB-B962-DD1512470D69}"
EndProject
Global
	GlobalSection(SolutionConfigurationPlatforms) = preSolution
		Debug|Any CPU = Debug|Any CPU
		Release|Any CPU = Release|Any CPU
	EndGlobalSection
	GlobalSection(ProjectConfigurationPlatforms) = postSolution
		{A2925059-337F-4AAB-B962-DD1512470D69}.Debug|Any CPU.ActiveCfg = Debug|Any CPU
		{A2925059-337F-4AAB-B962-DD1512470D69}.Debug|Any CPU.Build.0 = Debug|Any CPU
		{A2925059-337F-4AAB-B962-DD1512470D69}.Release|Any CPU.ActiveCfg = Release|Any CPU
		{A2925059-337F-4AAB-B962-DD1512470D69}.Release|Any CPU.Build.0 = Release|Any CPU
	EndGlobalSection
	GlobalSection(SolutionProperties) = preSolution
		HideSolutionNode = FALSE
	EndGlobalSection
	GlobalSection(ExtensibilityGlobals) = postSolution
		SolutionGuid = {D1B899F1-0A25-478A-BB2B-E5A521B3D112}
	EndGlobalSection
EndGlobal
